
Microsoft Visual Studio Solution File, Format Version 12.00
# Visual Studio Version 16
VisualStudioVersion = 16.0.29306.81
MinimumVisualStudioVersion = 10.0.40219.1
Project("{8BC9CEB8-8B4A-11D0-8D11-00A0C91BC942}") = "Chain_List", "Chain_List\Chain_List.vcxproj", "{B510F5D1-F836-445E-883D-7F5B5F78E97B}"
EndProject
Project("{8BC9CEB8-8B4A-11D0-8D11-00A0C91BC942}") = "Chain_Stack", "Chain_Stack\Chain_Stack.vcxproj", "{D29EB14F-5D5D-46E4-A52D-6F5097CA4150}"
EndProject
Project("{8BC9CEB8-8B4A-11D0-8D11-00A0C91BC942}") = "Sequence_List", "Sequence_List\Sequence_List.vcxproj", "{D7288586-7067-4895-98FD-92D4AA45FB90}"
EndProject
Project("{8BC9CEB8-8B4A-11D0-8D11-00A0C91BC942}") = "Sequence_Stack", "Sequence_Stack\Sequence_Stack.vcxproj", "{6D6526DC-F779-47C2-95E8-7EF6536A6464}"
EndProject
Global
	GlobalSection(SolutionConfigurationPlatforms) = preSolution
		Debug|x64 = Debug|x64
		Debug|x86 = Debug|x86
		Release|x64 = Release|x64
		Release|x86 = Release|x86
	EndGlobalSection
	GlobalSection(ProjectConfigurationPlatforms) = postSolution
		{B510F5D1-F836-445E-883D-7F5B5F78E97B}.Debug|x64.ActiveCfg = Debug|x64
		{B510F5D1-F836-445E-883D-7F5B5F78E97B}.Debug|x64.Build.0 = Debug|x64
		{B510F5D1-F836-445E-883D-7F5B5F78E97B}.Debug|x86.ActiveCfg = Debug|Win32
		{B510F5D1-F836-445E-883D-7F5B5F78E97B}.Debug|x86.Build.0 = Debug|Win32
		{B510F5D1-F836-445E-883D-7F5B5F78E97B}.Release|x64.ActiveCfg = Release|x64
		{B510F5D1-F836-445E-883D-7F5B5F78E97B}.Release|x64.Build.0 = Release|x64
		{B510F5D1-F836-445E-883D-7F5B5F78E97B}.Release|x86.ActiveCfg = Release|Win32
		{B510F5D1-F836-445E-883D-7F5B5F78E97B}.Release|x86.Build.0 = Release|Win32
		{D29EB14F-5D5D-46E4-A52D-6F5097CA4150}.Debug|x64.ActiveCfg = Debug|x64
		{D29EB14F-5D5D-46E4-A52D-6F5097CA4150}.Debug|x64.Build.0 = Debug|x64
		{D29EB14F-5D5D-46E4-A52D-6F5097CA4150}.Debug|x86.ActiveCfg = Debug|Win32
		{D29EB14F-5D5D-46E4-A52D-6F5097CA4150}.Debug|x86.Build.0 = Debug|Win32
		{D29EB14F-5D5D-46E4-A52D-6F5097CA4150}.Release|x64.ActiveCfg = Release|x64
		{D29EB14F-5D5D-46E4-A52D-6F5097CA4150}.Release|x64.Build.0 = Release|x64
		{D29EB14F-5D5D-46E4-A52D-6F5097CA4150}.Release|x86.ActiveCfg = Release|Win32
		{D29EB14F-5D5D-46E4-A52D-6F5097CA4150}.Release|x86.Build.0 = Release|Win32
		{D7288586-7067-4895-98FD-92D4AA45FB90}.Debug|x64.ActiveCfg = Debug|x64
		{D7288586-7067-4895-98FD-92D4AA45FB90}.Debug|x64.Build.0 = Debug|x64
		{D7288586-7067-4895-98FD-92D4AA45FB90}.Debug|x86.ActiveCfg = Debug|Win32
		{D7288586-7067-4895-98FD-92D4AA45FB90}.Debug|x86.Build.0 = Debug|Win32
		{D7288586-7067-4895-98FD-92D4AA45FB90}.Release|x64.ActiveCfg = Release|x64
		{D7288586-7067-4895-98FD-92D4AA45FB90}.Release|x64.Build.0 = Release|x64
		{D7288586-7067-4895-98FD-92D4AA45FB90}.Release|x86.ActiveCfg = Release|Win32
		{D7288586-7067-4895-98FD-92D4AA45FB90}.Release|x86.Build.0 = Release|Win32
		{6D6526DC-F779-47C2-95E8-7EF6536A6464}.Debug|x64.ActiveCfg = Debug|x64
		{6D6526DC-F779-47C2-95E8-7EF6536A6464}.Debug|x64.Build.0 = Debug|x64
		{6D6526DC-F779-47C2-95E8-7EF6536A6464}.Debug|x86.ActiveCfg = Debug|Win32
		{6D6526DC-F779-47C2-95E8-7EF6536A6464}.Debug|x86.Build.0 = Debug|Win32
		{6D6526DC-F779-47C2-95E8-7EF6536A6464}.Release|x64.ActiveCfg = Release|x64
		{6D6526DC-F779-47C2-95E8-7EF6536A6464}.Release|x64.Build.0 = Release|x64
		{6D6526DC-F779-47C2-95E8-7EF6536A6464}.Release|x86.ActiveCfg = Release|Win32
		{6D6526DC-F779-47C2-95E8-7EF6536A6464}.Release|x86.Build.0 = Release|Win32
	EndGlobalSection
	GlobalSection(SolutionProperties) = preSolution
		HideSolutionNode = FALSE
	EndGlobalSection
	GlobalSection(ExtensibilityGlobals) = postSolution
		SolutionGuid = {B2FB9BC4-26AA-44ED-9136-19B46B60482C}
	EndGlobalSection
EndGlobal
